// !$*UTF8*$!
{
	archiveVersion = 1;
	classes = {
	};
	objectVersion = 52;
	objects = {

/* Begin PBXBuildFile section */
		AE6250E2299A210900FB616E /* PackageWithIntercom in Frameworks */ = {isa = PBXBuildFile; productRef = AE6250E1299A210900FB616E /* PackageWithIntercom */; };
		AE842E1F29981D5800749C4A /* OkePlayerTests.swift in Sources */ = {isa = PBXBuildFile; fileRef = AE842E1E29981D5800749C4A /* OkePlayerTests.swift */; };
		DD042356256A7F9500FB4E22 /* Double+Extensions.swift in Sources */ = {isa = PBXBuildFile; fileRef = DD042355256A7F9500FB4E22 /* Double+Extensions.swift */; };
		DD042359256A8A6700FB4E22 /* DotSelectorView.swift in Sources */ = {isa = PBXBuildFile; fileRef = DD042358256A8A6700FB4E22 /* DotSelectorView.swift */; };
		DD04235C256AE99200FB4E22 /* PlayerViewModel.swift in Sources */ = {isa = PBXBuildFile; fileRef = DD04235B256AE99200FB4E22 /* PlayerViewModel.swift */; };
		DD042360256B1F5E00FB4E22 /* WrappedUserDefault.swift in Sources */ = {isa = PBXBuildFile; fileRef = DD04235F256B1F5E00FB4E22 /* WrappedUserDefault.swift */; };
		DD042364256B382400FB4E22 /* Numeric+Extensions.swift in Sources */ = {isa = PBXBuildFile; fileRef = DD042363256B382400FB4E22 /* Numeric+Extensions.swift */; };
		DD042368256BB4B100FB4E22 /* UIViewController+Extension.swift in Sources */ = {isa = PBXBuildFile; fileRef = DD042367256BB4B100FB4E22 /* UIViewController+Extension.swift */; };
		DD04236C256BBF0A00FB4E22 /* PlayerCoordinator.swift in Sources */ = {isa = PBXBuildFile; fileRef = DD04236B256BBF0A00FB4E22 /* PlayerCoordinator.swift */; };
		DD27AC85256A71000061F541 /* TimelineView.swift in Sources */ = {isa = PBXBuildFile; fileRef = DD27AC84256A71000061F541 /* TimelineView.swift */; };
		DD27AC8A256A71C70061F541 /* UILabel+Factory.swift in Sources */ = {isa = PBXBuildFile; fileRef = DD27AC89256A71C70061F541 /* UILabel+Factory.swift */; };
		DD3615562568817A00DD2364 /* UITableView+Extensions.swift in Sources */ = {isa = PBXBuildFile; fileRef = DD3615552568817A00DD2364 /* UITableView+Extensions.swift */; };
		DD36155B2568820400DD2364 /* MovieItemCell.swift in Sources */ = {isa = PBXBuildFile; fileRef = DD36155A2568820400DD2364 /* MovieItemCell.swift */; };
		DD36155E2568822D00DD2364 /* UIView+Extensions.swift in Sources */ = {isa = PBXBuildFile; fileRef = DD36155D2568822D00DD2364 /* UIView+Extensions.swift */; };
		DD3615612568825800DD2364 /* UITableViewCell+Extensions.swift in Sources */ = {isa = PBXBuildFile; fileRef = DD3615602568825800DD2364 /* UITableViewCell+Extensions.swift */; };
		DD361565256882D700DD2364 /* PlayPauseControl.swift in Sources */ = {isa = PBXBuildFile; fileRef = DD361564256882D700DD2364 /* PlayPauseControl.swift */; };
		DD3615682568831800DD2364 /* PlayerOverlayView.swift in Sources */ = {isa = PBXBuildFile; fileRef = DD3615672568831800DD2364 /* PlayerOverlayView.swift */; };
		DD36156B256883B200DD2364 /* PlayerViewController.swift in Sources */ = {isa = PBXBuildFile; fileRef = DD36156A256883B200DD2364 /* PlayerViewController.swift */; };
		DD3615732568850E00DD2364 /* Coordinator.swift in Sources */ = {isa = PBXBuildFile; fileRef = DD3615722568850E00DD2364 /* Coordinator.swift */; };
		DD3615762568867C00DD2364 /* DisplayContainer.swift in Sources */ = {isa = PBXBuildFile; fileRef = DD3615752568867C00DD2364 /* DisplayContainer.swift */; };
		DD36157B2568885E00DD2364 /* MainCoordinator.swift in Sources */ = {isa = PBXBuildFile; fileRef = DD36157A2568885E00DD2364 /* MainCoordinator.swift */; };
		DD36157E256888E900DD2364 /* MoviesListCoordinator.swift in Sources */ = {isa = PBXBuildFile; fileRef = DD36157D256888E900DD2364 /* MoviesListCoordinator.swift */; };
		DD36158125688A0300DD2364 /* UINavigationController+Extensions.swift in Sources */ = {isa = PBXBuildFile; fileRef = DD36158025688A0300DD2364 /* UINavigationController+Extensions.swift */; };
		DDE758F62566D753001E61F9 /* AppDelegate.swift in Sources */ = {isa = PBXBuildFile; fileRef = DDE758F52566D753001E61F9 /* AppDelegate.swift */; };
		DDE758FA2566D753001E61F9 /* MoviesListViewController.swift in Sources */ = {isa = PBXBuildFile; fileRef = DDE758F92566D753001E61F9 /* MoviesListViewController.swift */; };
		DDE758FF2566D756001E61F9 /* Assets.xcassets in Resources */ = {isa = PBXBuildFile; fileRef = DDE758FE2566D756001E61F9 /* Assets.xcassets */; };
		DDE759022566D756001E61F9 /* LaunchScreen.storyboard in Resources */ = {isa = PBXBuildFile; fileRef = DDE759002566D756001E61F9 /* LaunchScreen.storyboard */; };
		DDE759112566F85C001E61F9 /* MovieCellViewModel.swift in Sources */ = {isa = PBXBuildFile; fileRef = DDE759102566F85C001E61F9 /* MovieCellViewModel.swift */; };
/* End PBXBuildFile section */

/* Begin PBXContainerItemProxy section */
		AE842E2029981D5800749C4A /* PBXContainerItemProxy */ = {
			isa = PBXContainerItemProxy;
			containerPortal = DDE758EA2566D753001E61F9 /* Project object */;
			proxyType = 1;
			remoteGlobalIDString = DDE758F12566D753001E61F9;
			remoteInfo = OkePlayer;
		};
/* End PBXContainerItemProxy section */

/* Begin PBXFileReference section */
		AE842E1C29981D5700749C4A /* OkePlayerTests.xctest */ = {isa = PBXFileReference; explicitFileType = wrapper.cfbundle; includeInIndex = 0; path = OkePlayerTests.xctest; sourceTree = BUILT_PRODUCTS_DIR; };
		AE842E1E29981D5800749C4A /* OkePlayerTests.swift */ = {isa = PBXFileReference; lastKnownFileType = sourcecode.swift; path = OkePlayerTests.swift; sourceTree = "<group>"; };
		AEF41406299A1F3900E835F6 /* PackageWithIntercom */ = {isa = PBXFileReference; lastKnownFileType = wrapper; name = PackageWithIntercom; path = Packages/PackageWithIntercom; sourceTree = "<group>"; };
		DD042355256A7F9500FB4E22 /* Double+Extensions.swift */ = {isa = PBXFileReference; lastKnownFileType = sourcecode.swift; path = "Double+Extensions.swift"; sourceTree = "<group>"; };
		DD042358256A8A6700FB4E22 /* DotSelectorView.swift */ = {isa = PBXFileReference; lastKnownFileType = sourcecode.swift; path = DotSelectorView.swift; sourceTree = "<group>"; };
		DD04235B256AE99200FB4E22 /* PlayerViewModel.swift */ = {isa = PBXFileReference; lastKnownFileType = sourcecode.swift; path = PlayerViewModel.swift; sourceTree = "<group>"; };
		DD04235F256B1F5E00FB4E22 /* WrappedUserDefault.swift */ = {isa = PBXFileReference; lastKnownFileType = sourcecode.swift; path = WrappedUserDefault.swift; sourceTree = "<group>"; };
		DD042363256B382400FB4E22 /* Numeric+Extensions.swift */ = {isa = PBXFileReference; lastKnownFileType = sourcecode.swift; path = "Numeric+Extensions.swift"; sourceTree = "<group>"; };
		DD042367256BB4B100FB4E22 /* UIViewController+Extension.swift */ = {isa = PBXFileReference; lastKnownFileType = sourcecode.swift; path = "UIViewController+Extension.swift"; sourceTree = "<group>"; };
		DD04236B256BBF0A00FB4E22 /* PlayerCoordinator.swift */ = {isa = PBXFileReference; lastKnownFileType = sourcecode.swift; path = PlayerCoordinator.swift; sourceTree = "<group>"; };
		DD27AC84256A71000061F541 /* TimelineView.swift */ = {isa = PBXFileReference; lastKnownFileType = sourcecode.swift; path = TimelineView.swift; sourceTree = "<group>"; };
		DD27AC89256A71C70061F541 /* UILabel+Factory.swift */ = {isa = PBXFileReference; lastKnownFileType = sourcecode.swift; path = "UILabel+Factory.swift"; sourceTree = "<group>"; };
		DD3615552568817A00DD2364 /* UITableView+Extensions.swift */ = {isa = PBXFileReference; lastKnownFileType = sourcecode.swift; path = "UITableView+Extensions.swift"; sourceTree = "<group>"; };
		DD36155A2568820400DD2364 /* MovieItemCell.swift */ = {isa = PBXFileReference; lastKnownFileType = sourcecode.swift; path = MovieItemCell.swift; sourceTree = "<group>"; };
		DD36155D2568822D00DD2364 /* UIView+Extensions.swift */ = {isa = PBXFileReference; lastKnownFileType = sourcecode.swift; path = "UIView+Extensions.swift"; sourceTree = "<group>"; };
		DD3615602568825800DD2364 /* UITableViewCell+Extensions.swift */ = {isa = PBXFileReference; lastKnownFileType = sourcecode.swift; path = "UITableViewCell+Extensions.swift"; sourceTree = "<group>"; };
		DD361564256882D700DD2364 /* PlayPauseControl.swift */ = {isa = PBXFileReference; lastKnownFileType = sourcecode.swift; path = PlayPauseControl.swift; sourceTree = "<group>"; };
		DD3615672568831800DD2364 /* PlayerOverlayView.swift */ = {isa = PBXFileReference; lastKnownFileType = sourcecode.swift; path = PlayerOverlayView.swift; sourceTree = "<group>"; };
		DD36156A256883B200DD2364 /* PlayerViewController.swift */ = {isa = PBXFileReference; lastKnownFileType = sourcecode.swift; path = PlayerViewController.swift; sourceTree = "<group>"; };
		DD3615722568850E00DD2364 /* Coordinator.swift */ = {isa = PBXFileReference; lastKnownFileType = sourcecode.swift; path = Coordinator.swift; sourceTree = "<group>"; };
		DD3615752568867C00DD2364 /* DisplayContainer.swift */ = {isa = PBXFileReference; lastKnownFileType = sourcecode.swift; path = DisplayContainer.swift; sourceTree = "<group>"; };
		DD36157A2568885E00DD2364 /* MainCoordinator.swift */ = {isa = PBXFileReference; lastKnownFileType = sourcecode.swift; path = MainCoordinator.swift; sourceTree = "<group>"; };
		DD36157D256888E900DD2364 /* MoviesListCoordinator.swift */ = {isa = PBXFileReference; lastKnownFileType = sourcecode.swift; path = MoviesListCoordinator.swift; sourceTree = "<group>"; };
		DD36158025688A0300DD2364 /* UINavigationController+Extensions.swift */ = {isa = PBXFileReference; lastKnownFileType = sourcecode.swift; path = "UINavigationController+Extensions.swift"; sourceTree = "<group>"; };
		DDE758F22566D753001E61F9 /* OkePlayer.app */ = {isa = PBXFileReference; explicitFileType = wrapper.application; includeInIndex = 0; path = OkePlayer.app; sourceTree = BUILT_PRODUCTS_DIR; };
		DDE758F52566D753001E61F9 /* AppDelegate.swift */ = {isa = PBXFileReference; lastKnownFileType = sourcecode.swift; path = AppDelegate.swift; sourceTree = "<group>"; };
		DDE758F92566D753001E61F9 /* MoviesListViewController.swift */ = {isa = PBXFileReference; lastKnownFileType = sourcecode.swift; path = MoviesListViewController.swift; sourceTree = "<group>"; };
		DDE758FE2566D756001E61F9 /* Assets.xcassets */ = {isa = PBXFileReference; lastKnownFileType = folder.assetcatalog; path = Assets.xcassets; sourceTree = "<group>"; };
		DDE759012566D756001E61F9 /* Base */ = {isa = PBXFileReference; lastKnownFileType = file.storyboard; name = Base; path = Base.lproj/LaunchScreen.storyboard; sourceTree = "<group>"; };
		DDE759032566D756001E61F9 /* Info.plist */ = {isa = PBXFileReference; lastKnownFileType = text.plist.xml; path = Info.plist; sourceTree = "<group>"; };
		DDE759102566F85C001E61F9 /* MovieCellViewModel.swift */ = {isa = PBXFileReference; lastKnownFileType = sourcecode.swift; path = MovieCellViewModel.swift; sourceTree = "<group>"; };
/* End PBXFileReference section */

/* Begin PBXFrameworksBuildPhase section */
		AE842E1929981D5700749C4A /* Frameworks */ = {
			isa = PBXFrameworksBuildPhase;
			buildActionMask = 2147483647;
			files = (
			);
			runOnlyForDeploymentPostprocessing = 0;
		};
		DDE758EF2566D753001E61F9 /* Frameworks */ = {
			isa = PBXFrameworksBuildPhase;
			buildActionMask = 2147483647;
			files = (
				AE6250E2299A210900FB616E /* PackageWithIntercom in Frameworks */,
			);
			runOnlyForDeploymentPostprocessing = 0;
		};
/* End PBXFrameworksBuildPhase section */

/* Begin PBXGroup section */
		AE6250E0299A210900FB616E /* Frameworks */ = {
			isa = PBXGroup;
			children = (
			);
			name = Frameworks;
			sourceTree = "<group>";
		};
		AE842E1D29981D5800749C4A /* OkePlayerTests */ = {
			isa = PBXGroup;
			children = (
				AE842E1E29981D5800749C4A /* OkePlayerTests.swift */,
			);
			path = OkePlayerTests;
			sourceTree = "<group>";
		};
		AEF41405299A1F3900E835F6 /* Packages */ = {
			isa = PBXGroup;
			children = (
				AEF41406299A1F3900E835F6 /* PackageWithIntercom */,
			);
			name = Packages;
			sourceTree = "<group>";
		};
		DD04235E256B1F4C00FB4E22 /* PropertyWrappers */ = {
			isa = PBXGroup;
			children = (
				DD04235F256B1F5E00FB4E22 /* WrappedUserDefault.swift */,
			);
			path = PropertyWrappers;
			sourceTree = "<group>";
		};
		DD27AC83256A70D20061F541 /* OverlayView */ = {
			isa = PBXGroup;
			children = (
				DD361564256882D700DD2364 /* PlayPauseControl.swift */,
				DD3615672568831800DD2364 /* PlayerOverlayView.swift */,
				DD27AC84256A71000061F541 /* TimelineView.swift */,
				DD042358256A8A6700FB4E22 /* DotSelectorView.swift */,
			);
			path = OverlayView;
			sourceTree = "<group>";
		};
		DD27AC88256A71AB0061F541 /* Views */ = {
			isa = PBXGroup;
			children = (
				DD27AC89256A71C70061F541 /* UILabel+Factory.swift */,
			);
			path = Views;
			sourceTree = "<group>";
		};
		DD3615542568815D00DD2364 /* Extensions */ = {
			isa = PBXGroup;
			children = (
				DD3615552568817A00DD2364 /* UITableView+Extensions.swift */,
				DD36155D2568822D00DD2364 /* UIView+Extensions.swift */,
				DD3615602568825800DD2364 /* UITableViewCell+Extensions.swift */,
				DD36158025688A0300DD2364 /* UINavigationController+Extensions.swift */,
				DD042355256A7F9500FB4E22 /* Double+Extensions.swift */,
				DD042363256B382400FB4E22 /* Numeric+Extensions.swift */,
				DD042367256BB4B100FB4E22 /* UIViewController+Extension.swift */,
			);
			path = Extensions;
			sourceTree = "<group>";
		};
		DD361558256881B700DD2364 /* Features */ = {
			isa = PBXGroup;
			children = (
				DD361563256882AF00DD2364 /* Player */,
				DD361559256881CC00DD2364 /* MoviesList */,
			);
			path = Features;
			sourceTree = "<group>";
		};
		DD361559256881CC00DD2364 /* MoviesList */ = {
			isa = PBXGroup;
			children = (
				DD36155A2568820400DD2364 /* MovieItemCell.swift */,
				DDE759102566F85C001E61F9 /* MovieCellViewModel.swift */,
				DDE758F92566D753001E61F9 /* MoviesListViewController.swift */,
			);
			path = MoviesList;
			sourceTree = "<group>";
		};
		DD361563256882AF00DD2364 /* Player */ = {
			isa = PBXGroup;
			children = (
				DD27AC83256A70D20061F541 /* OverlayView */,
				DD36156A256883B200DD2364 /* PlayerViewController.swift */,
				DD04235B256AE99200FB4E22 /* PlayerViewModel.swift */,
			);
			path = Player;
			sourceTree = "<group>";
		};
		DD36156E256884AC00DD2364 /* Coordinators */ = {
			isa = PBXGroup;
			children = (
				DD36157A2568885E00DD2364 /* MainCoordinator.swift */,
				DD36157D256888E900DD2364 /* MoviesListCoordinator.swift */,
				DD04236B256BBF0A00FB4E22 /* PlayerCoordinator.swift */,
			);
			path = Coordinators;
			sourceTree = "<group>";
		};
		DD361570256884C400DD2364 /* Shared */ = {
			isa = PBXGroup;
			children = (
				DD04235E256B1F4C00FB4E22 /* PropertyWrappers */,
				DD27AC88256A71AB0061F541 /* Views */,
				DD361571256884F500DD2364 /* Protocols */,
				DD3615542568815D00DD2364 /* Extensions */,
			);
			path = Shared;
			sourceTree = "<group>";
		};
		DD361571256884F500DD2364 /* Protocols */ = {
			isa = PBXGroup;
			children = (
				DD3615722568850E00DD2364 /* Coordinator.swift */,
				DD3615752568867C00DD2364 /* DisplayContainer.swift */,
			);
			path = Protocols;
			sourceTree = "<group>";
		};
		DDE758E92566D753001E61F9 = {
			isa = PBXGroup;
			children = (
				AEF41405299A1F3900E835F6 /* Packages */,
				DDE758F42566D753001E61F9 /* OkePlayer */,
				AE842E1D29981D5800749C4A /* OkePlayerTests */,
				DDE758F32566D753001E61F9 /* Products */,
				AE6250E0299A210900FB616E /* Frameworks */,
			);
			sourceTree = "<group>";
		};
		DDE758F32566D753001E61F9 /* Products */ = {
			isa = PBXGroup;
			children = (
				DDE758F22566D753001E61F9 /* OkePlayer.app */,
				AE842E1C29981D5700749C4A /* OkePlayerTests.xctest */,
			);
			name = Products;
			sourceTree = "<group>";
		};
		DDE758F42566D753001E61F9 /* OkePlayer */ = {
			isa = PBXGroup;
			children = (
				DDE759032566D756001E61F9 /* Info.plist */,
				DDE759002566D756001E61F9 /* LaunchScreen.storyboard */,
				DDE758FE2566D756001E61F9 /* Assets.xcassets */,
				DDE758F52566D753001E61F9 /* AppDelegate.swift */,
				DD36156E256884AC00DD2364 /* Coordinators */,
				DD361558256881B700DD2364 /* Features */,
				DD361570256884C400DD2364 /* Shared */,
			);
			path = OkePlayer;
			sourceTree = "<group>";
		};
/* End PBXGroup section */

/* Begin PBXNativeTarget section */
		AE842E1B29981D5700749C4A /* OkePlayerTests */ = {
			isa = PBXNativeTarget;
			buildConfigurationList = AE842E2429981D5800749C4A /* Build configuration list for PBXNativeTarget "OkePlayerTests" */;
			buildPhases = (
				AE842E1829981D5700749C4A /* Sources */,
				AE842E1929981D5700749C4A /* Frameworks */,
				AE842E1A29981D5700749C4A /* Resources */,
			);
			buildRules = (
			);
			dependencies = (
				AE842E2129981D5800749C4A /* PBXTargetDependency */,
			);
			name = OkePlayerTests;
			productName = OkePlayerTests;
			productReference = AE842E1C29981D5700749C4A /* OkePlayerTests.xctest */;
			productType = "com.apple.product-type.bundle.unit-test";
		};
		DDE758F12566D753001E61F9 /* OkePlayer */ = {
			isa = PBXNativeTarget;
			buildConfigurationList = DDE759062566D756001E61F9 /* Build configuration list for PBXNativeTarget "OkePlayer" */;
			buildPhases = (
				DDE758EE2566D753001E61F9 /* Sources */,
				DDE758EF2566D753001E61F9 /* Frameworks */,
				DDE758F02566D753001E61F9 /* Resources */,
			);
			buildRules = (
			);
			dependencies = (
			);
			name = OkePlayer;
			packageProductDependencies = (
				AE6250E1299A210900FB616E /* PackageWithIntercom */,
			);
			productName = OkePlayer;
			productReference = DDE758F22566D753001E61F9 /* OkePlayer.app */;
			productType = "com.apple.product-type.application";
		};
/* End PBXNativeTarget section */

/* Begin PBXProject section */
		DDE758EA2566D753001E61F9 /* Project object */ = {
			isa = PBXProject;
			attributes = {
				LastSwiftUpdateCheck = 1410;
				LastUpgradeCheck = 1220;
				TargetAttributes = {
					AE842E1B29981D5700749C4A = {
						CreatedOnToolsVersion = 14.1;
						TestTargetID = DDE758F12566D753001E61F9;
					};
					DDE758F12566D753001E61F9 = {
						CreatedOnToolsVersion = 12.2;
					};
				};
			};
			buildConfigurationList = DDE758ED2566D753001E61F9 /* Build configuration list for PBXProject "OkePlayer" */;
			compatibilityVersion = "Xcode 9.3";
			developmentRegion = en;
			hasScannedForEncodings = 0;
			knownRegions = (
				en,
				Base,
			);
			mainGroup = DDE758E92566D753001E61F9;
			productRefGroup = DDE758F32566D753001E61F9 /* Products */;
			projectDirPath = "";
			projectRoot = "";
			targets = (
				DDE758F12566D753001E61F9 /* OkePlayer */,
				AE842E1B29981D5700749C4A /* OkePlayerTests */,
			);
		};
/* End PBXProject section */

/* Begin PBXResourcesBuildPhase section */
		AE842E1A29981D5700749C4A /* Resources */ = {
			isa = PBXResourcesBuildPhase;
			buildActionMask = 2147483647;
			files = (
			);
			runOnlyForDeploymentPostprocessing = 0;
		};
		DDE758F02566D753001E61F9 /* Resources */ = {
			isa = PBXResourcesBuildPhase;
			buildActionMask = 2147483647;
			files = (
				DDE759022566D756001E61F9 /* LaunchScreen.storyboard in Resources */,
				DDE758FF2566D756001E61F9 /* Assets.xcassets in Resources */,
			);
			runOnlyForDeploymentPostprocessing = 0;
		};
/* End PBXResourcesBuildPhase section */

/* Begin PBXSourcesBuildPhase section */
		AE842E1829981D5700749C4A /* Sources */ = {
			isa = PBXSourcesBuildPhase;
			buildActionMask = 2147483647;
			files = (
				AE842E1F29981D5800749C4A /* OkePlayerTests.swift in Sources */,
			);
			runOnlyForDeploymentPostprocessing = 0;
		};
		DDE758EE2566D753001E61F9 /* Sources */ = {
			isa = PBXSourcesBuildPhase;
			buildActionMask = 2147483647;
			files = (
				DD36155E2568822D00DD2364 /* UIView+Extensions.swift in Sources */,
				DD04235C256AE99200FB4E22 /* PlayerViewModel.swift in Sources */,
				DDE758FA2566D753001E61F9 /* MoviesListViewController.swift in Sources */,
				DD04236C256BBF0A00FB4E22 /* PlayerCoordinator.swift in Sources */,
				DD27AC8A256A71C70061F541 /* UILabel+Factory.swift in Sources */,
				DD36155B2568820400DD2364 /* MovieItemCell.swift in Sources */,
				DDE758F62566D753001E61F9 /* AppDelegate.swift in Sources */,
				DD3615612568825800DD2364 /* UITableViewCell+Extensions.swift in Sources */,
				DD042368256BB4B100FB4E22 /* UIViewController+Extension.swift in Sources */,
				DD3615682568831800DD2364 /* PlayerOverlayView.swift in Sources */,
				DD3615762568867C00DD2364 /* DisplayContainer.swift in Sources */,
				DD042364256B382400FB4E22 /* Numeric+Extensions.swift in Sources */,
				DD3615732568850E00DD2364 /* Coordinator.swift in Sources */,
				DDE759112566F85C001E61F9 /* MovieCellViewModel.swift in Sources */,
				DD36157E256888E900DD2364 /* MoviesListCoordinator.swift in Sources */,
				DD361565256882D700DD2364 /* PlayPauseControl.swift in Sources */,
				DD042356256A7F9500FB4E22 /* Double+Extensions.swift in Sources */,
				DD36157B2568885E00DD2364 /* MainCoordinator.swift in Sources */,
				DD042360256B1F5E00FB4E22 /* WrappedUserDefault.swift in Sources */,
				DD042359256A8A6700FB4E22 /* DotSelectorView.swift in Sources */,
				DD3615562568817A00DD2364 /* UITableView+Extensions.swift in Sources */,
				DD36158125688A0300DD2364 /* UINavigationController+Extensions.swift in Sources */,
				DD36156B256883B200DD2364 /* PlayerViewController.swift in Sources */,
				DD27AC85256A71000061F541 /* TimelineView.swift in Sources */,
			);
			runOnlyForDeploymentPostprocessing = 0;
		};
/* End PBXSourcesBuildPhase section */

/* Begin PBXTargetDependency section */
		AE842E2129981D5800749C4A /* PBXTargetDependency */ = {
			isa = PBXTargetDependency;
			target = DDE758F12566D753001E61F9 /* OkePlayer */;
			targetProxy = AE842E2029981D5800749C4A /* PBXContainerItemProxy */;
		};
/* End PBXTargetDependency section */

/* Begin PBXVariantGroup section */
		DDE759002566D756001E61F9 /* LaunchScreen.storyboard */ = {
			isa = PBXVariantGroup;
			children = (
				DDE759012566D756001E61F9 /* Base */,
			);
			name = LaunchScreen.storyboard;
			sourceTree = "<group>";
		};
/* End PBXVariantGroup section */

/* Begin XCBuildConfiguration section */
		AE842E2229981D5800749C4A /* Debug */ = {
			isa = XCBuildConfiguration;
			buildSettings = {
				BUNDLE_LOADER = "$(TEST_HOST)";
				CLANG_CXX_LANGUAGE_STANDARD = "gnu++20";
				CODE_SIGN_STYLE = Automatic;
				CURRENT_PROJECT_VERSION = 1;
				DEVELOPMENT_TEAM = 6A3C67AMT7;
				GENERATE_INFOPLIST_FILE = YES;
				IPHONEOS_DEPLOYMENT_TARGET = 16.1;
				MARKETING_VERSION = 1.0;
				PRODUCT_BUNDLE_IDENTIFIER = com.setmorelite.app.OkePlayerTests;
				PRODUCT_NAME = "$(TARGET_NAME)";
				SWIFT_EMIT_LOC_STRINGS = NO;
				SWIFT_VERSION = 5.0;
				TARGETED_DEVICE_FAMILY = "1,2";
				TEST_HOST = "$(BUILT_PRODUCTS_DIR)/OkePlayer.app/$(BUNDLE_EXECUTABLE_FOLDER_PATH)/OkePlayer";
			};
			name = Debug;
		};
		AE842E2329981D5800749C4A /* Release */ = {
			isa = XCBuildConfiguration;
			buildSettings = {
				BUNDLE_LOADER = "$(TEST_HOST)";
				CLANG_CXX_LANGUAGE_STANDARD = "gnu++20";
				CODE_SIGN_STYLE = Automatic;
				CURRENT_PROJECT_VERSION = 1;
				DEVELOPMENT_TEAM = 6A3C67AMT7;
				GENERATE_INFOPLIST_FILE = YES;
				IPHONEOS_DEPLOYMENT_TARGET = 16.1;
				MARKETING_VERSION = 1.0;
				PRODUCT_BUNDLE_IDENTIFIER = com.setmorelite.app.OkePlayerTests;
				PRODUCT_NAME = "$(TARGET_NAME)";
				SWIFT_EMIT_LOC_STRINGS = NO;
				SWIFT_VERSION = 5.0;
				TARGETED_DEVICE_FAMILY = "1,2";
				TEST_HOST = "$(BUILT_PRODUCTS_DIR)/OkePlayer.app/$(BUNDLE_EXECUTABLE_FOLDER_PATH)/OkePlayer";
			};
			name = Release;
		};
		DDE759042566D756001E61F9 /* Debug */ = {
			isa = XCBuildConfiguration;
			buildSettings = {
				ALWAYS_SEARCH_USER_PATHS = NO;
				CLANG_ANALYZER_NONNULL = YES;
				CLANG_ANALYZER_NUMBER_OBJECT_CONVERSION = YES_AGGRESSIVE;
				CLANG_CXX_LANGUAGE_STANDARD = "gnu++14";
				CLANG_CXX_LIBRARY = "libc++";
				CLANG_ENABLE_MODULES = YES;
				CLANG_ENABLE_OBJC_ARC = YES;
				CLANG_ENABLE_OBJC_WEAK = YES;
				CLANG_WARN_BLOCK_CAPTURE_AUTORELEASING = YES;
				CLANG_WARN_BOOL_CONVERSION = YES;
				CLANG_WARN_COMMA = YES;
				CLANG_WARN_CONSTANT_CONVERSION = YES;
				CLANG_WARN_DEPRECATED_OBJC_IMPLEMENTATIONS = YES;
				CLANG_WARN_DIRECT_OBJC_ISA_USAGE = YES_ERROR;
				CLANG_WARN_DOCUMENTATION_COMMENTS = YES;
				CLANG_WARN_EMPTY_BODY = YES;
				CLANG_WARN_ENUM_CONVERSION = YES;
				CLANG_WARN_INFINITE_RECURSION = YES;
				CLANG_WARN_INT_CONVERSION = YES;
				CLANG_WARN_NON_LITERAL_NULL_CONVERSION = YES;
				CLANG_WARN_OBJC_IMPLICIT_RETAIN_SELF = YES;
				CLANG_WARN_OBJC_LITERAL_CONVERSION = YES;
				CLANG_WARN_OBJC_ROOT_CLASS = YES_ERROR;
				CLANG_WARN_QUOTED_INCLUDE_IN_FRAMEWORK_HEADER = YES;
				CLANG_WARN_RANGE_LOOP_ANALYSIS = YES;
				CLANG_WARN_STRICT_PROTOTYPES = YES;
				CLANG_WARN_SUSPICIOUS_MOVE = YES;
				CLANG_WARN_UNGUARDED_AVAILABILITY = YES_AGGRESSIVE;
				CLANG_WARN_UNREACHABLE_CODE = YES;
				CLANG_WARN__DUPLICATE_METHOD_MATCH = YES;
				COPY_PHASE_STRIP = NO;
				DEBUG_INFORMATION_FORMAT = dwarf;
				ENABLE_STRICT_OBJC_MSGSEND = YES;
				ENABLE_TESTABILITY = YES;
				GCC_C_LANGUAGE_STANDARD = gnu11;
				GCC_DYNAMIC_NO_PIC = NO;
				GCC_NO_COMMON_BLOCKS = YES;
				GCC_OPTIMIZATION_LEVEL = 0;
				GCC_PREPROCESSOR_DEFINITIONS = (
					"DEBUG=1",
					"$(inherited)",
				);
				GCC_WARN_64_TO_32_BIT_CONVERSION = YES;
				GCC_WARN_ABOUT_RETURN_TYPE = YES_ERROR;
				GCC_WARN_UNDECLARED_SELECTOR = YES;
				GCC_WARN_UNINITIALIZED_AUTOS = YES_AGGRESSIVE;
				GCC_WARN_UNUSED_FUNCTION = YES;
				GCC_WARN_UNUSED_VARIABLE = YES;
				IPHONEOS_DEPLOYMENT_TARGET = 11.0;
				MTL_ENABLE_DEBUG_INFO = INCLUDE_SOURCE;
				MTL_FAST_MATH = YES;
				ONLY_ACTIVE_ARCH = YES;
				SDKROOT = iphoneos;
				SWIFT_ACTIVE_COMPILATION_CONDITIONS = DEBUG;
				SWIFT_OPTIMIZATION_LEVEL = "-Onone";
			};
			name = Debug;
		};
		DDE759052566D756001E61F9 /* Release */ = {
			isa = XCBuildConfiguration;
			buildSettings = {
				ALWAYS_SEARCH_USER_PATHS = NO;
				CLANG_ANALYZER_NONNULL = YES;
				CLANG_ANALYZER_NUMBER_OBJECT_CONVERSION = YES_AGGRESSIVE;
				CLANG_CXX_LANGUAGE_STANDARD = "gnu++14";
				CLANG_CXX_LIBRARY = "libc++";
				CLANG_ENABLE_MODULES = YES;
				CLANG_ENABLE_OBJC_ARC = YES;
				CLANG_ENABLE_OBJC_WEAK = YES;
				CLANG_WARN_BLOCK_CAPTURE_AUTORELEASING = YES;
				CLANG_WARN_BOOL_CONVERSION = YES;
				CLANG_WARN_COMMA = YES;
				CLANG_WARN_CONSTANT_CONVERSION = YES;
				CLANG_WARN_DEPRECATED_OBJC_IMPLEMENTATIONS = YES;
				CLANG_WARN_DIRECT_OBJC_ISA_USAGE = YES_ERROR;
				CLANG_WARN_DOCUMENTATION_COMMENTS = YES;
				CLANG_WARN_EMPTY_BODY = YES;
				CLANG_WARN_ENUM_CONVERSION = YES;
				CLANG_WARN_INFINITE_RECURSION = YES;
				CLANG_WARN_INT_CONVERSION = YES;
				CLANG_WARN_NON_LITERAL_NULL_CONVERSION = YES;
				CLANG_WARN_OBJC_IMPLICIT_RETAIN_SELF = YES;
				CLANG_WARN_OBJC_LITERAL_CONVERSION = YES;
				CLANG_WARN_OBJC_ROOT_CLASS = YES_ERROR;
				CLANG_WARN_QUOTED_INCLUDE_IN_FRAMEWORK_HEADER = YES;
				CLANG_WARN_RANGE_LOOP_ANALYSIS = YES;
				CLANG_WARN_STRICT_PROTOTYPES = YES;
				CLANG_WARN_SUSPICIOUS_MOVE = YES;
				CLANG_WARN_UNGUARDED_AVAILABILITY = YES_AGGRESSIVE;
				CLANG_WARN_UNREACHABLE_CODE = YES;
				CLANG_WARN__DUPLICATE_METHOD_MATCH = YES;
				COPY_PHASE_STRIP = NO;
				DEBUG_INFORMATION_FORMAT = "dwarf-with-dsym";
				ENABLE_NS_ASSERTIONS = NO;
				ENABLE_STRICT_OBJC_MSGSEND = YES;
				GCC_C_LANGUAGE_STANDARD = gnu11;
				GCC_NO_COMMON_BLOCKS = YES;
				GCC_WARN_64_TO_32_BIT_CONVERSION = YES;
				GCC_WARN_ABOUT_RETURN_TYPE = YES_ERROR;
				GCC_WARN_UNDECLARED_SELECTOR = YES;
				GCC_WARN_UNINITIALIZED_AUTOS = YES_AGGRESSIVE;
				GCC_WARN_UNUSED_FUNCTION = YES;
				GCC_WARN_UNUSED_VARIABLE = YES;
				IPHONEOS_DEPLOYMENT_TARGET = 11.0;
				MTL_ENABLE_DEBUG_INFO = NO;
				MTL_FAST_MATH = YES;
				SDKROOT = iphoneos;
				SWIFT_COMPILATION_MODE = wholemodule;
				SWIFT_OPTIMIZATION_LEVEL = "-O";
				VALIDATE_PRODUCT = YES;
			};
			name = Release;
		};
		DDE759072566D756001E61F9 /* Debug */ = {
			isa = XCBuildConfiguration;
			buildSettings = {
				ASSETCATALOG_COMPILER_APPICON_NAME = AppIcon;
				ASSETCATALOG_COMPILER_GLOBAL_ACCENT_COLOR_NAME = AccentColor;
				CODE_SIGN_STYLE = Automatic;
				DEVELOPMENT_TEAM = 5XQQ8D847B;
				INFOPLIST_FILE = OkePlayer/Info.plist;
				IPHONEOS_DEPLOYMENT_TARGET = 11.0;
				LD_RUNPATH_SEARCH_PATHS = (
					"$(inherited)",
					"@executable_path/Frameworks",
				);
				PRODUCT_BUNDLE_IDENTIFIER = com.lizer.tomasz.OkePlayer;
				PRODUCT_NAME = "$(TARGET_NAME)";
				SWIFT_VERSION = 5.0;
				TARGETED_DEVICE_FAMILY = 1;
			};
			name = Debug;
		};
		DDE759082566D756001E61F9 /* Release */ = {
			isa = XCBuildConfiguration;
			buildSettings = {
				ASSETCATALOG_COMPILER_APPICON_NAME = AppIcon;
				ASSETCATALOG_COMPILER_GLOBAL_ACCENT_COLOR_NAME = AccentColor;
				CODE_SIGN_STYLE = Automatic;
				DEVELOPMENT_TEAM = 5XQQ8D847B;
				INFOPLIST_FILE = OkePlayer/Info.plist;
				IPHONEOS_DEPLOYMENT_TARGET = 11.0;
				LD_RUNPATH_SEARCH_PATHS = (
					"$(inherited)",
					"@executable_path/Frameworks",
				);
				PRODUCT_BUNDLE_IDENTIFIER = com.lizer.tomasz.OkePlayer;
				PRODUCT_NAME = "$(TARGET_NAME)";
				SWIFT_VERSION = 5.0;
				TARGETED_DEVICE_FAMILY = 1;
			};
			name = Release;
		};
/* End XCBuildConfiguration section */

/* Begin XCConfigurationList section */
		AE842E2429981D5800749C4A /* Build configuration list for PBXNativeTarget "OkePlayerTests" */ = {
			isa = XCConfigurationList;
			buildConfigurations = (
				AE842E2229981D5800749C4A /* Debug */,
				AE842E2329981D5800749C4A /* Release */,
			);
			defaultConfigurationIsVisible = 0;
			defaultConfigurationName = Release;
		};
		DDE758ED2566D753001E61F9 /* Build configuration list for PBXProject "OkePlayer" */ = {
			isa = XCConfigurationList;
			buildConfigurations = (
				DDE759042566D756001E61F9 /* Debug */,
				DDE759052566D756001E61F9 /* Release */,
			);
			defaultConfigurationIsVisible = 0;
			defaultConfigurationName = Release;
		};
		DDE759062566D756001E61F9 /* Build configuration list for PBXNativeTarget "OkePlayer" */ = {
			isa = XCConfigurationList;
			buildConfigurations = (
				DDE759072566D756001E61F9 /* Debug */,
				DDE759082566D756001E61F9 /* Release */,
			);
			defaultConfigurationIsVisible = 0;
			defaultConfigurationName = Release;
		};
/* End XCConfigurationList section */

/* Begin XCSwiftPackageProductDependency section */
		AE6250E1299A210900FB616E /* PackageWithIntercom */ = {
			isa = XCSwiftPackageProductDependency;
			productName = PackageWithIntercom;
		};
/* End XCSwiftPackageProductDependency section */
	};
	rootObject = DDE758EA2566D753001E61F9 /* Project object */;
}
